// !$*UTF8*$!
{
	archiveVersion = 1;
	classes = {
	};
	objectVersion = 50;
	objects = {

/* Begin PBXBuildFile section */
		86205A6A23B8313800C47C72 /* RoverPostCardController.swift in Sources */ = {isa = PBXBuildFile; fileRef = 86205A6923B8313800C47C72 /* RoverPostCardController.swift */; };
		862FA34A23BBD6DB000B81C7 /* RapidDownloadable.swift in Sources */ = {isa = PBXBuildFile; fileRef = 862FA34923BBD6DB000B81C7 /* RapidDownloadable.swift */; };
		862FA34C23BBDD0A000B81C7 /* AstronomyPhotoCell.swift in Sources */ = {isa = PBXBuildFile; fileRef = 862FA34B23BBDD0A000B81C7 /* AstronomyPhotoCell.swift */; };
		8633F43C23B6A5E5006104B8 /* PhotoDownloader.swift in Sources */ = {isa = PBXBuildFile; fileRef = 8633F43B23B6A5E5006104B8 /* PhotoDownloader.swift */; };
		8633F43E23B6DF55006104B8 /* PendingOperations.swift in Sources */ = {isa = PBXBuildFile; fileRef = 8633F43D23B6DF55006104B8 /* PendingOperations.swift */; };
		865D41F423B8DE670017BD3F /* PostCardTextView.swift in Sources */ = {isa = PBXBuildFile; fileRef = 865D41F323B8DE670017BD3F /* PostCardTextView.swift */; };
		865D41F623B924B20017BD3F /* MapController.swift in Sources */ = {isa = PBXBuildFile; fileRef = 865D41F523B924B20017BD3F /* MapController.swift */; };
		865D41FA23B926160017BD3F /* EarthImage.swift in Sources */ = {isa = PBXBuildFile; fileRef = 865D41F923B926160017BD3F /* EarthImage.swift */; };
		865D41FD23B9296E0017BD3F /* MKMapView.swift in Sources */ = {isa = PBXBuildFile; fileRef = 865D41FC23B9296E0017BD3F /* MKMapView.swift */; };
		865D41FF23B971580017BD3F /* Double.swift in Sources */ = {isa = PBXBuildFile; fileRef = 865D41FE23B971580017BD3F /* Double.swift */; };
		86692BFE23B50D360047DA1E /* Endpoint.swift in Sources */ = {isa = PBXBuildFile; fileRef = 86692BFD23B50D360047DA1E /* Endpoint.swift */; };
		86692C0023B50EFB0047DA1E /* ParameterKey.swift in Sources */ = {isa = PBXBuildFile; fileRef = 86692BFF23B50EFB0047DA1E /* ParameterKey.swift */; };
		86692C0223B510770047DA1E /* Rover.swift in Sources */ = {isa = PBXBuildFile; fileRef = 86692C0123B510770047DA1E /* Rover.swift */; };
		86692C0423B515700047DA1E /* Camera.swift in Sources */ = {isa = PBXBuildFile; fileRef = 86692C0323B515700047DA1E /* Camera.swift */; };
		86692C0723B526EE0047DA1E /* Date.swift in Sources */ = {isa = PBXBuildFile; fileRef = 86692C0623B526EE0047DA1E /* Date.swift */; };
		86692C0A23B52D520047DA1E /* APIError.swift in Sources */ = {isa = PBXBuildFile; fileRef = 86692C0923B52D520047DA1E /* APIError.swift */; };
		86692C0C23B52D870047DA1E /* APIClient.swift in Sources */ = {isa = PBXBuildFile; fileRef = 86692C0B23B52D870047DA1E /* APIClient.swift */; };
		86692C0E23B52E630047DA1E /* RoverPhoto.swift in Sources */ = {isa = PBXBuildFile; fileRef = 86692C0D23B52E630047DA1E /* RoverPhoto.swift */; };
		86692C1023B52FDD0047DA1E /* ImageDownloadState.swift in Sources */ = {isa = PBXBuildFile; fileRef = 86692C0F23B52FDD0047DA1E /* ImageDownloadState.swift */; };
		86692C1223B5313A0047DA1E /* RoverPhotos.swift in Sources */ = {isa = PBXBuildFile; fileRef = 86692C1123B5313A0047DA1E /* RoverPhotos.swift */; };
		86692C1423B534460047DA1E /* NASAAPIClient.swift in Sources */ = {isa = PBXBuildFile; fileRef = 86692C1323B534460047DA1E /* NASAAPIClient.swift */; };
		86692C1823B591120047DA1E /* RoverPhotoCollectionController.swift in Sources */ = {isa = PBXBuildFile; fileRef = 86692C1723B591120047DA1E /* RoverPhotoCollectionController.swift */; };
		86692C1A23B593080047DA1E /* RoverPhotoCell.swift in Sources */ = {isa = PBXBuildFile; fileRef = 86692C1923B593080047DA1E /* RoverPhotoCell.swift */; };
		866DCF4323B3F6B6001AEE0F /* AppDelegate.swift in Sources */ = {isa = PBXBuildFile; fileRef = 866DCF4223B3F6B6001AEE0F /* AppDelegate.swift */; };
		866DCF4523B3F6B6001AEE0F /* ViewController.swift in Sources */ = {isa = PBXBuildFile; fileRef = 866DCF4423B3F6B6001AEE0F /* ViewController.swift */; };
		866DCF4823B3F6B6001AEE0F /* Main.storyboard in Resources */ = {isa = PBXBuildFile; fileRef = 866DCF4623B3F6B6001AEE0F /* Main.storyboard */; };
		866DCF4A23B3F6B7001AEE0F /* Assets.xcassets in Resources */ = {isa = PBXBuildFile; fileRef = 866DCF4923B3F6B7001AEE0F /* Assets.xcassets */; };
		866DCF4D23B3F6B7001AEE0F /* LaunchScreen.storyboard in Resources */ = {isa = PBXBuildFile; fileRef = 866DCF4B23B3F6B7001AEE0F /* LaunchScreen.storyboard */; };
		8679FCCD23B3FA0500AC7AD3 /* NASAEndpoint.swift in Sources */ = {isa = PBXBuildFile; fileRef = 8679FCCC23B3FA0500AC7AD3 /* NASAEndpoint.swift */; };
		8679FCCF23B3FA5800AC7AD3 /* EndpointExamples.swift in Sources */ = {isa = PBXBuildFile; fileRef = 8679FCCE23B3FA5800AC7AD3 /* EndpointExamples.swift */; };
		86F6C05E23BA374A000656BF /* MapItem.swift in Sources */ = {isa = PBXBuildFile; fileRef = 86F6C05D23BA374A000656BF /* MapItem.swift */; };
		86F6C06023BA3A39000656BF /* SearchResultCell.swift in Sources */ = {isa = PBXBuildFile; fileRef = 86F6C05F23BA3A39000656BF /* SearchResultCell.swift */; };
		86F6C06223BA4F16000656BF /* VisualEffectView.swift in Sources */ = {isa = PBXBuildFile; fileRef = 86F6C06123BA4F16000656BF /* VisualEffectView.swift */; };
		86F6C06423BA5EA6000656BF /* AstronomyPhoto.swift in Sources */ = {isa = PBXBuildFile; fileRef = 86F6C06323BA5EA6000656BF /* AstronomyPhoto.swift */; };
		86F6C06623BA6051000656BF /* AstronomyPhotoCollectionController.swift in Sources */ = {isa = PBXBuildFile; fileRef = 86F6C06523BA6051000656BF /* AstronomyPhotoCollectionController.swift */; };
/* End PBXBuildFile section */

/* Begin PBXFileReference section */
		86205A6923B8313800C47C72 /* RoverPostCardController.swift */ = {isa = PBXFileReference; lastKnownFileType = sourcecode.swift; path = RoverPostCardController.swift; sourceTree = "<group>"; };
		862FA34923BBD6DB000B81C7 /* RapidDownloadable.swift */ = {isa = PBXFileReference; lastKnownFileType = sourcecode.swift; path = RapidDownloadable.swift; sourceTree = "<group>"; };
		862FA34B23BBDD0A000B81C7 /* AstronomyPhotoCell.swift */ = {isa = PBXFileReference; lastKnownFileType = sourcecode.swift; path = AstronomyPhotoCell.swift; sourceTree = "<group>"; };
		8633F43B23B6A5E5006104B8 /* PhotoDownloader.swift */ = {isa = PBXFileReference; lastKnownFileType = sourcecode.swift; path = PhotoDownloader.swift; sourceTree = "<group>"; };
		8633F43D23B6DF55006104B8 /* PendingOperations.swift */ = {isa = PBXFileReference; fileEncoding = 4; lastKnownFileType = sourcecode.swift; path = PendingOperations.swift; sourceTree = "<group>"; };
		865D41F323B8DE670017BD3F /* PostCardTextView.swift */ = {isa = PBXFileReference; lastKnownFileType = sourcecode.swift; path = PostCardTextView.swift; sourceTree = "<group>"; };
		865D41F523B924B20017BD3F /* MapController.swift */ = {isa = PBXFileReference; lastKnownFileType = sourcecode.swift; name = MapController.swift; path = NASA/View/MapController.swift; sourceTree = SOURCE_ROOT; };
		865D41F923B926160017BD3F /* EarthImage.swift */ = {isa = PBXFileReference; lastKnownFileType = sourcecode.swift; path = EarthImage.swift; sourceTree = "<group>"; };
		865D41FC23B9296E0017BD3F /* MKMapView.swift */ = {isa = PBXFileReference; fileEncoding = 4; lastKnownFileType = sourcecode.swift; path = MKMapView.swift; sourceTree = "<group>"; };
		865D41FE23B971580017BD3F /* Double.swift */ = {isa = PBXFileReference; lastKnownFileType = sourcecode.swift; path = Double.swift; sourceTree = "<group>"; };
		86692BFD23B50D360047DA1E /* Endpoint.swift */ = {isa = PBXFileReference; fileEncoding = 4; lastKnownFileType = sourcecode.swift; path = Endpoint.swift; sourceTree = "<group>"; };
		86692BFF23B50EFB0047DA1E /* ParameterKey.swift */ = {isa = PBXFileReference; fileEncoding = 4; lastKnownFileType = sourcecode.swift; path = ParameterKey.swift; sourceTree = "<group>"; };
		86692C0123B510770047DA1E /* Rover.swift */ = {isa = PBXFileReference; lastKnownFileType = sourcecode.swift; path = Rover.swift; sourceTree = "<group>"; };
		86692C0323B515700047DA1E /* Camera.swift */ = {isa = PBXFileReference; lastKnownFileType = sourcecode.swift; path = Camera.swift; sourceTree = "<group>"; };
		86692C0623B526EE0047DA1E /* Date.swift */ = {isa = PBXFileReference; lastKnownFileType = sourcecode.swift; path = Date.swift; sourceTree = "<group>"; };
		86692C0923B52D520047DA1E /* APIError.swift */ = {isa = PBXFileReference; fileEncoding = 4; lastKnownFileType = sourcecode.swift; path = APIError.swift; sourceTree = "<group>"; };
		86692C0B23B52D870047DA1E /* APIClient.swift */ = {isa = PBXFileReference; fileEncoding = 4; lastKnownFileType = sourcecode.swift; path = APIClient.swift; sourceTree = "<group>"; };
		86692C0D23B52E630047DA1E /* RoverPhoto.swift */ = {isa = PBXFileReference; lastKnownFileType = sourcecode.swift; path = RoverPhoto.swift; sourceTree = "<group>"; };
		86692C0F23B52FDD0047DA1E /* ImageDownloadState.swift */ = {isa = PBXFileReference; lastKnownFileType = sourcecode.swift; path = ImageDownloadState.swift; sourceTree = "<group>"; };
		86692C1123B5313A0047DA1E /* RoverPhotos.swift */ = {isa = PBXFileReference; lastKnownFileType = sourcecode.swift; path = RoverPhotos.swift; sourceTree = "<group>"; };
		86692C1323B534460047DA1E /* NASAAPIClient.swift */ = {isa = PBXFileReference; lastKnownFileType = sourcecode.swift; path = NASAAPIClient.swift; sourceTree = "<group>"; };
		86692C1723B591120047DA1E /* RoverPhotoCollectionController.swift */ = {isa = PBXFileReference; lastKnownFileType = sourcecode.swift; name = RoverPhotoCollectionController.swift; path = NASA/View/RoverPhotoCollectionController.swift; sourceTree = SOURCE_ROOT; };
		86692C1923B593080047DA1E /* RoverPhotoCell.swift */ = {isa = PBXFileReference; lastKnownFileType = sourcecode.swift; path = RoverPhotoCell.swift; sourceTree = "<group>"; };
		866DCF3F23B3F6B6001AEE0F /* NASA.app */ = {isa = PBXFileReference; explicitFileType = wrapper.application; includeInIndex = 0; path = NASA.app; sourceTree = BUILT_PRODUCTS_DIR; };
		866DCF4223B3F6B6001AEE0F /* AppDelegate.swift */ = {isa = PBXFileReference; lastKnownFileType = sourcecode.swift; path = AppDelegate.swift; sourceTree = "<group>"; };
		866DCF4423B3F6B6001AEE0F /* ViewController.swift */ = {isa = PBXFileReference; lastKnownFileType = sourcecode.swift; path = ViewController.swift; sourceTree = "<group>"; };
		866DCF4723B3F6B6001AEE0F /* Base */ = {isa = PBXFileReference; lastKnownFileType = file.storyboard; name = Base; path = Base.lproj/Main.storyboard; sourceTree = "<group>"; };
		866DCF4923B3F6B7001AEE0F /* Assets.xcassets */ = {isa = PBXFileReference; lastKnownFileType = folder.assetcatalog; path = Assets.xcassets; sourceTree = "<group>"; };
		866DCF4C23B3F6B7001AEE0F /* Base */ = {isa = PBXFileReference; lastKnownFileType = file.storyboard; name = Base; path = Base.lproj/LaunchScreen.storyboard; sourceTree = "<group>"; };
		866DCF4E23B3F6B7001AEE0F /* Info.plist */ = {isa = PBXFileReference; lastKnownFileType = text.plist.xml; path = Info.plist; sourceTree = "<group>"; };
		8679FCCC23B3FA0500AC7AD3 /* NASAEndpoint.swift */ = {isa = PBXFileReference; fileEncoding = 4; lastKnownFileType = sourcecode.swift; path = NASAEndpoint.swift; sourceTree = "<group>"; };
		8679FCCE23B3FA5800AC7AD3 /* EndpointExamples.swift */ = {isa = PBXFileReference; lastKnownFileType = sourcecode.swift; path = EndpointExamples.swift; sourceTree = "<group>"; };
		86F6C05D23BA374A000656BF /* MapItem.swift */ = {isa = PBXFileReference; fileEncoding = 4; lastKnownFileType = sourcecode.swift; path = MapItem.swift; sourceTree = "<group>"; };
		86F6C05F23BA3A39000656BF /* SearchResultCell.swift */ = {isa = PBXFileReference; lastKnownFileType = sourcecode.swift; path = SearchResultCell.swift; sourceTree = "<group>"; };
		86F6C06123BA4F16000656BF /* VisualEffectView.swift */ = {isa = PBXFileReference; lastKnownFileType = sourcecode.swift; path = VisualEffectView.swift; sourceTree = "<group>"; };
		86F6C06323BA5EA6000656BF /* AstronomyPhoto.swift */ = {isa = PBXFileReference; lastKnownFileType = sourcecode.swift; path = AstronomyPhoto.swift; sourceTree = "<group>"; };
		86F6C06523BA6051000656BF /* AstronomyPhotoCollectionController.swift */ = {isa = PBXFileReference; lastKnownFileType = sourcecode.swift; path = AstronomyPhotoCollectionController.swift; sourceTree = "<group>"; };
/* End PBXFileReference section */

/* Begin PBXFrameworksBuildPhase section */
		866DCF3C23B3F6B6001AEE0F /* Frameworks */ = {
			isa = PBXFrameworksBuildPhase;
			buildActionMask = 2147483647;
			files = (
			);
			runOnlyForDeploymentPostprocessing = 0;
		};
/* End PBXFrameworksBuildPhase section */

/* Begin PBXGroup section */
		865D41FB23B926C40017BD3F /* Endpoint */ = {
			isa = PBXGroup;
			children = (
				86692BFD23B50D360047DA1E /* Endpoint.swift */,
				8679FCCC23B3FA0500AC7AD3 /* NASAEndpoint.swift */,
				8679FCCE23B3FA5800AC7AD3 /* EndpointExamples.swift */,
				86692BFF23B50EFB0047DA1E /* ParameterKey.swift */,
			);
			path = Endpoint;
			sourceTree = "<group>";
		};
		86692BFA23B50CC70047DA1E /* Model */ = {
			isa = PBXGroup;
			children = (
				86692C0123B510770047DA1E /* Rover.swift */,
				86692C0323B515700047DA1E /* Camera.swift */,
				86692C0D23B52E630047DA1E /* RoverPhoto.swift */,
				86692C1123B5313A0047DA1E /* RoverPhotos.swift */,
				865D41F923B926160017BD3F /* EarthImage.swift */,
				86F6C06323BA5EA6000656BF /* AstronomyPhoto.swift */,
			);
			path = Model;
			sourceTree = "<group>";
		};
		86692BFB23B50CD40047DA1E /* Controller */ = {
			isa = PBXGroup;
			children = (
				866DCF4423B3F6B6001AEE0F /* ViewController.swift */,
				86692C1723B591120047DA1E /* RoverPhotoCollectionController.swift */,
				86205A6923B8313800C47C72 /* RoverPostCardController.swift */,
				865D41F523B924B20017BD3F /* MapController.swift */,
				86F6C06523BA6051000656BF /* AstronomyPhotoCollectionController.swift */,
			);
			path = Controller;
			sourceTree = "<group>";
		};
		86692BFC23B50D070047DA1E /* View */ = {
			isa = PBXGroup;
			children = (
				866DCF4623B3F6B6001AEE0F /* Main.storyboard */,
				86692C1923B593080047DA1E /* RoverPhotoCell.swift */,
				866DCF4923B3F6B7001AEE0F /* Assets.xcassets */,
				866DCF4B23B3F6B7001AEE0F /* LaunchScreen.storyboard */,
				865D41F323B8DE670017BD3F /* PostCardTextView.swift */,
				86F6C05F23BA3A39000656BF /* SearchResultCell.swift */,
				862FA34B23BBDD0A000B81C7 /* AstronomyPhotoCell.swift */,
			);
			path = View;
			sourceTree = "<group>";
		};
		86692C0523B526480047DA1E /* Extension */ = {
			isa = PBXGroup;
			children = (
				86692C0623B526EE0047DA1E /* Date.swift */,
				865D41FC23B9296E0017BD3F /* MKMapView.swift */,
				865D41FE23B971580017BD3F /* Double.swift */,
				86F6C05D23BA374A000656BF /* MapItem.swift */,
				86F6C06123BA4F16000656BF /* VisualEffectView.swift */,
			);
			path = Extension;
			sourceTree = "<group>";
		};
		86692C0823B52D2C0047DA1E /* Error */ = {
			isa = PBXGroup;
			children = (
				86692C0923B52D520047DA1E /* APIError.swift */,
			);
			path = Error;
			sourceTree = "<group>";
		};
		866DCF3623B3F6B6001AEE0F = {
			isa = PBXGroup;
			children = (
				866DCF4123B3F6B6001AEE0F /* NASA */,
				866DCF4023B3F6B6001AEE0F /* Products */,
			);
			sourceTree = "<group>";
		};
		866DCF4023B3F6B6001AEE0F /* Products */ = {
			isa = PBXGroup;
			children = (
				866DCF3F23B3F6B6001AEE0F /* NASA.app */,
			);
			name = Products;
			sourceTree = "<group>";
		};
		866DCF4123B3F6B6001AEE0F /* NASA */ = {
			isa = PBXGroup;
			children = (
				866DCF4223B3F6B6001AEE0F /* AppDelegate.swift */,
				86692BFA23B50CC70047DA1E /* Model */,
				86692BFC23B50D070047DA1E /* View */,
				86692BFB23B50CD40047DA1E /* Controller */,
				8679FCCB23B3F9D600AC7AD3 /* Network */,
				86692C0523B526480047DA1E /* Extension */,
				866DCF4E23B3F6B7001AEE0F /* Info.plist */,
			);
			path = NASA;
			sourceTree = "<group>";
		};
		8679FCCB23B3F9D600AC7AD3 /* Network */ = {
			isa = PBXGroup;
			children = (
				86692C0B23B52D870047DA1E /* APIClient.swift */,
				86692C1323B534460047DA1E /* NASAAPIClient.swift */,
				86692C0F23B52FDD0047DA1E /* ImageDownloadState.swift */,
				8633F43B23B6A5E5006104B8 /* PhotoDownloader.swift */,
				8633F43D23B6DF55006104B8 /* PendingOperations.swift */,
				862FA34923BBD6DB000B81C7 /* RapidDownloadable.swift */,
				865D41FB23B926C40017BD3F /* Endpoint */,
				86692C0823B52D2C0047DA1E /* Error */,
			);
			path = Network;
			sourceTree = "<group>";
		};
/* End PBXGroup section */

/* Begin PBXNativeTarget section */
		866DCF3E23B3F6B6001AEE0F /* NASA */ = {
			isa = PBXNativeTarget;
			buildConfigurationList = 866DCF5123B3F6B7001AEE0F /* Build configuration list for PBXNativeTarget "NASA" */;
			buildPhases = (
				866DCF3B23B3F6B6001AEE0F /* Sources */,
				866DCF3C23B3F6B6001AEE0F /* Frameworks */,
				866DCF3D23B3F6B6001AEE0F /* Resources */,
			);
			buildRules = (
			);
			dependencies = (
			);
			name = NASA;
			productName = NASA;
			productReference = 866DCF3F23B3F6B6001AEE0F /* NASA.app */;
			productType = "com.apple.product-type.application";
		};
/* End PBXNativeTarget section */

/* Begin PBXProject section */
		866DCF3723B3F6B6001AEE0F /* Project object */ = {
			isa = PBXProject;
			attributes = {
				LastSwiftUpdateCheck = 1020;
				LastUpgradeCheck = 1020;
				ORGANIZATIONNAME = "Gavin Butler";
				TargetAttributes = {
					866DCF3E23B3F6B6001AEE0F = {
						CreatedOnToolsVersion = 10.2.1;
					};
				};
			};
			buildConfigurationList = 866DCF3A23B3F6B6001AEE0F /* Build configuration list for PBXProject "NASA" */;
			compatibilityVersion = "Xcode 9.3";
			developmentRegion = en;
			hasScannedForEncodings = 0;
			knownRegions = (
				en,
				Base,
			);
			mainGroup = 866DCF3623B3F6B6001AEE0F;
			productRefGroup = 866DCF4023B3F6B6001AEE0F /* Products */;
			projectDirPath = "";
			projectRoot = "";
			targets = (
				866DCF3E23B3F6B6001AEE0F /* NASA */,
			);
		};
/* End PBXProject section */

/* Begin PBXResourcesBuildPhase section */
		866DCF3D23B3F6B6001AEE0F /* Resources */ = {
			isa = PBXResourcesBuildPhase;
			buildActionMask = 2147483647;
			files = (
				866DCF4D23B3F6B7001AEE0F /* LaunchScreen.storyboard in Resources */,
				866DCF4A23B3F6B7001AEE0F /* Assets.xcassets in Resources */,
				866DCF4823B3F6B6001AEE0F /* Main.storyboard in Resources */,
			);
			runOnlyForDeploymentPostprocessing = 0;
		};
/* End PBXResourcesBuildPhase section */

/* Begin PBXSourcesBuildPhase section */
		866DCF3B23B3F6B6001AEE0F /* Sources */ = {
			isa = PBXSourcesBuildPhase;
			buildActionMask = 2147483647;
			files = (
				86692C1023B52FDD0047DA1E /* ImageDownloadState.swift in Sources */,
				86692C0423B515700047DA1E /* Camera.swift in Sources */,
				8633F43E23B6DF55006104B8 /* PendingOperations.swift in Sources */,
				865D41FD23B9296E0017BD3F /* MKMapView.swift in Sources */,
				86F6C06423BA5EA6000656BF /* AstronomyPhoto.swift in Sources */,
				866DCF4523B3F6B6001AEE0F /* ViewController.swift in Sources */,
				86692C1423B534460047DA1E /* NASAAPIClient.swift in Sources */,
				8679FCCF23B3FA5800AC7AD3 /* EndpointExamples.swift in Sources */,
				86F6C06023BA3A39000656BF /* SearchResultCell.swift in Sources */,
				862FA34C23BBDD0A000B81C7 /* AstronomyPhotoCell.swift in Sources */,
				86692C0E23B52E630047DA1E /* RoverPhoto.swift in Sources */,
				86F6C06223BA4F16000656BF /* VisualEffectView.swift in Sources */,
				865D41FF23B971580017BD3F /* Double.swift in Sources */,
				86692C0A23B52D520047DA1E /* APIError.swift in Sources */,
				86692C1823B591120047DA1E /* RoverPhotoCollectionController.swift in Sources */,
				8633F43C23B6A5E5006104B8 /* PhotoDownloader.swift in Sources */,
				86205A6A23B8313800C47C72 /* RoverPostCardController.swift in Sources */,
				862FA34A23BBD6DB000B81C7 /* RapidDownloadable.swift in Sources */,
				86692C0223B510770047DA1E /* Rover.swift in Sources */,
				86692C0C23B52D870047DA1E /* APIClient.swift in Sources */,
				865D41FA23B926160017BD3F /* EarthImage.swift in Sources */,
				866DCF4323B3F6B6001AEE0F /* AppDelegate.swift in Sources */,
				865D41F623B924B20017BD3F /* MapController.swift in Sources */,
				8679FCCD23B3FA0500AC7AD3 /* NASAEndpoint.swift in Sources */,
				86692C1A23B593080047DA1E /* RoverPhotoCell.swift in Sources */,
				86F6C06623BA6051000656BF /* AstronomyPhotoCollectionController.swift in Sources */,
				865D41F423B8DE670017BD3F /* PostCardTextView.swift in Sources */,
				86F6C05E23BA374A000656BF /* MapItem.swift in Sources */,
				86692BFE23B50D360047DA1E /* Endpoint.swift in Sources */,
				86692C1223B5313A0047DA1E /* RoverPhotos.swift in Sources */,
				86692C0723B526EE0047DA1E /* Date.swift in Sources */,
				86692C0023B50EFB0047DA1E /* ParameterKey.swift in Sources */,
			);
			runOnlyForDeploymentPostprocessing = 0;
		};
/* End PBXSourcesBuildPhase section */

/* Begin PBXVariantGroup section */
		866DCF4623B3F6B6001AEE0F /* Main.storyboard */ = {
			isa = PBXVariantGroup;
			children = (
				866DCF4723B3F6B6001AEE0F /* Base */,
			);
			name = Main.storyboard;
			sourceTree = "<group>";
		};
		866DCF4B23B3F6B7001AEE0F /* LaunchScreen.storyboard */ = {
			isa = PBXVariantGroup;
			children = (
				866DCF4C23B3F6B7001AEE0F /* Base */,
			);
			name = LaunchScreen.storyboard;
			sourceTree = "<group>";
		};
/* End PBXVariantGroup section */

/* Begin XCBuildConfiguration section */
		866DCF4F23B3F6B7001AEE0F /* Debug */ = {
			isa = XCBuildConfiguration;
			buildSettings = {
				ALWAYS_SEARCH_USER_PATHS = NO;
				CLANG_ANALYZER_NONNULL = YES;
				CLANG_ANALYZER_NUMBER_OBJECT_CONVERSION = YES_AGGRESSIVE;
				CLANG_CXX_LANGUAGE_STANDARD = "gnu++14";
				CLANG_CXX_LIBRARY = "libc++";
				CLANG_ENABLE_MODULES = YES;
				CLANG_ENABLE_OBJC_ARC = YES;
				CLANG_ENABLE_OBJC_WEAK = YES;
				CLANG_WARN_BLOCK_CAPTURE_AUTORELEASING = YES;
				CLANG_WARN_BOOL_CONVERSION = YES;
				CLANG_WARN_COMMA = YES;
				CLANG_WARN_CONSTANT_CONVERSION = YES;
				CLANG_WARN_DEPRECATED_OBJC_IMPLEMENTATIONS = YES;
				CLANG_WARN_DIRECT_OBJC_ISA_USAGE = YES_ERROR;
				CLANG_WARN_DOCUMENTATION_COMMENTS = YES;
				CLANG_WARN_EMPTY_BODY = YES;
				CLANG_WARN_ENUM_CONVERSION = YES;
				CLANG_WARN_INFINITE_RECURSION = YES;
				CLANG_WARN_INT_CONVERSION = YES;
				CLANG_WARN_NON_LITERAL_NULL_CONVERSION = YES;
				CLANG_WARN_OBJC_IMPLICIT_RETAIN_SELF = YES;
				CLANG_WARN_OBJC_LITERAL_CONVERSION = YES;
				CLANG_WARN_OBJC_ROOT_CLASS = YES_ERROR;
				CLANG_WARN_RANGE_LOOP_ANALYSIS = YES;
				CLANG_WARN_STRICT_PROTOTYPES = YES;
				CLANG_WARN_SUSPICIOUS_MOVE = YES;
				CLANG_WARN_UNGUARDED_AVAILABILITY = YES_AGGRESSIVE;
				CLANG_WARN_UNREACHABLE_CODE = YES;
				CLANG_WARN__DUPLICATE_METHOD_MATCH = YES;
				CODE_SIGN_IDENTITY = "iPhone Developer";
				COPY_PHASE_STRIP = NO;
				DEBUG_INFORMATION_FORMAT = dwarf;
				ENABLE_STRICT_OBJC_MSGSEND = YES;
				ENABLE_TESTABILITY = YES;
				GCC_C_LANGUAGE_STANDARD = gnu11;
				GCC_DYNAMIC_NO_PIC = NO;
				GCC_NO_COMMON_BLOCKS = YES;
				GCC_OPTIMIZATION_LEVEL = 0;
				GCC_PREPROCESSOR_DEFINITIONS = (
					"DEBUG=1",
					"$(inherited)",
				);
				GCC_WARN_64_TO_32_BIT_CONVERSION = YES;
				GCC_WARN_ABOUT_RETURN_TYPE = YES_ERROR;
				GCC_WARN_UNDECLARED_SELECTOR = YES;
				GCC_WARN_UNINITIALIZED_AUTOS = YES_AGGRESSIVE;
				GCC_WARN_UNUSED_FUNCTION = YES;
				GCC_WARN_UNUSED_VARIABLE = YES;
				IPHONEOS_DEPLOYMENT_TARGET = 12.2;
				MTL_ENABLE_DEBUG_INFO = INCLUDE_SOURCE;
				MTL_FAST_MATH = YES;
				ONLY_ACTIVE_ARCH = YES;
				SDKROOT = iphoneos;
				SWIFT_ACTIVE_COMPILATION_CONDITIONS = DEBUG;
				SWIFT_OPTIMIZATION_LEVEL = "-Onone";
			};
			name = Debug;
		};
		866DCF5023B3F6B7001AEE0F /* Release */ = {
			isa = XCBuildConfiguration;
			buildSettings = {
				ALWAYS_SEARCH_USER_PATHS = NO;
				CLANG_ANALYZER_NONNULL = YES;
				CLANG_ANALYZER_NUMBER_OBJECT_CONVERSION = YES_AGGRESSIVE;
				CLANG_CXX_LANGUAGE_STANDARD = "gnu++14";
				CLANG_CXX_LIBRARY = "libc++";
				CLANG_ENABLE_MODULES = YES;
				CLANG_ENABLE_OBJC_ARC = YES;
				CLANG_ENABLE_OBJC_WEAK = YES;
				CLANG_WARN_BLOCK_CAPTURE_AUTORELEASING = YES;
				CLANG_WARN_BOOL_CONVERSION = YES;
				CLANG_WARN_COMMA = YES;
				CLANG_WARN_CONSTANT_CONVERSION = YES;
				CLANG_WARN_DEPRECATED_OBJC_IMPLEMENTATIONS = YES;
				CLANG_WARN_DIRECT_OBJC_ISA_USAGE = YES_ERROR;
				CLANG_WARN_DOCUMENTATION_COMMENTS = YES;
				CLANG_WARN_EMPTY_BODY = YES;
				CLANG_WARN_ENUM_CONVERSION = YES;
				CLANG_WARN_INFINITE_RECURSION = YES;
				CLANG_WARN_INT_CONVERSION = YES;
				CLANG_WARN_NON_LITERAL_NULL_CONVERSION = YES;
				CLANG_WARN_OBJC_IMPLICIT_RETAIN_SELF = YES;
				CLANG_WARN_OBJC_LITERAL_CONVERSION = YES;
				CLANG_WARN_OBJC_ROOT_CLASS = YES_ERROR;
				CLANG_WARN_RANGE_LOOP_ANALYSIS = YES;
				CLANG_WARN_STRICT_PROTOTYPES = YES;
				CLANG_WARN_SUSPICIOUS_MOVE = YES;
				CLANG_WARN_UNGUARDED_AVAILABILITY = YES_AGGRESSIVE;
				CLANG_WARN_UNREACHABLE_CODE = YES;
				CLANG_WARN__DUPLICATE_METHOD_MATCH = YES;
				CODE_SIGN_IDENTITY = "iPhone Developer";
				COPY_PHASE_STRIP = NO;
				DEBUG_INFORMATION_FORMAT = "dwarf-with-dsym";
				ENABLE_NS_ASSERTIONS = NO;
				ENABLE_STRICT_OBJC_MSGSEND = YES;
				GCC_C_LANGUAGE_STANDARD = gnu11;
				GCC_NO_COMMON_BLOCKS = YES;
				GCC_WARN_64_TO_32_BIT_CONVERSION = YES;
				GCC_WARN_ABOUT_RETURN_TYPE = YES_ERROR;
				GCC_WARN_UNDECLARED_SELECTOR = YES;
				GCC_WARN_UNINITIALIZED_AUTOS = YES_AGGRESSIVE;
				GCC_WARN_UNUSED_FUNCTION = YES;
				GCC_WARN_UNUSED_VARIABLE = YES;
				IPHONEOS_DEPLOYMENT_TARGET = 12.2;
				MTL_ENABLE_DEBUG_INFO = NO;
				MTL_FAST_MATH = YES;
				SDKROOT = iphoneos;
				SWIFT_COMPILATION_MODE = wholemodule;
				SWIFT_OPTIMIZATION_LEVEL = "-O";
				VALIDATE_PRODUCT = YES;
			};
			name = Release;
		};
		866DCF5223B3F6B7001AEE0F /* Debug */ = {
			isa = XCBuildConfiguration;
			buildSettings = {
				ASSETCATALOG_COMPILER_APPICON_NAME = AppIcon;
				CODE_SIGN_STYLE = Automatic;
				DEVELOPMENT_TEAM = JJ2D2HE2JS;
				INFOPLIST_FILE = NASA/Info.plist;
				LD_RUNPATH_SEARCH_PATHS = (
					"$(inherited)",
					"@executable_path/Frameworks",
				);
				PRODUCT_BUNDLE_IDENTIFIER = "gavin.butler01-bigpond.com.NASA";
				PRODUCT_NAME = "$(TARGET_NAME)";
				SWIFT_VERSION = 5.0;
				TARGETED_DEVICE_FAMILY = "1,2";
			};
			name = Debug;
		};
		866DCF5323B3F6B7001AEE0F /* Release */ = {
			isa = XCBuildConfiguration;
			buildSettings = {
				ASSETCATALOG_COMPILER_APPICON_NAME = AppIcon;
				CODE_SIGN_STYLE = Automatic;
				DEVELOPMENT_TEAM = JJ2D2HE2JS;
				INFOPLIST_FILE = NASA/Info.plist;
				LD_RUNPATH_SEARCH_PATHS = (
					"$(inherited)",
					"@executable_path/Frameworks",
				);
				PRODUCT_BUNDLE_IDENTIFIER = "gavin.butler01-bigpond.com.NASA";
				PRODUCT_NAME = "$(TARGET_NAME)";
				SWIFT_VERSION = 5.0;
				TARGETED_DEVICE_FAMILY = "1,2";
			};
			name = Release;
		};
/* End XCBuildConfiguration section */

/* Begin XCConfigurationList section */
		866DCF3A23B3F6B6001AEE0F /* Build configuration list for PBXProject "NASA" */ = {
			isa = XCConfigurationList;
			buildConfigurations = (
				866DCF4F23B3F6B7001AEE0F /* Debug */,
				866DCF5023B3F6B7001AEE0F /* Release */,
			);
			defaultConfigurationIsVisible = 0;
			defaultConfigurationName = Release;
		};
		866DCF5123B3F6B7001AEE0F /* Build configuration list for PBXNativeTarget "NASA" */ = {
			isa = XCConfigurationList;
			buildConfigurations = (
				866DCF5223B3F6B7001AEE0F /* Debug */,
				866DCF5323B3F6B7001AEE0F /* Release */,
			);
			defaultConfigurationIsVisible = 0;
			defaultConfigurationName = Release;
		};
/* End XCConfigurationList section */
	};
	rootObject = 866DCF3723B3F6B6001AEE0F /* Project object */;
}
